
Microsoft Visual Studio Solution File, Format Version 12.00
# Visual Studio Version 16
VisualStudioVersion = 16.0.29806.167
MinimumVisualStudioVersion = 10.0.40219.1
Project("{9A19103F-16F7-4668-BE54-9A1E7A4F7556}") = "RigBus", "RigBus.csproj", "{ABD9E2A7-2663-455D-93F9-71099CC2EBFE}"
EndProject
Project("{9A19103F-16F7-4668-BE54-9A1E7A4F7556}") = "HamBusCommonCore", "..\..\HamBusCommonLibCore\HamBusCommonCore.csproj", "{1168788D-97DD-4B4A-9D25-EF420FF16028}"
EndProject
Project("{9A19103F-16F7-4668-BE54-9A1E7A4F7556}") = "HamBusCommonStd", "..\..\HamBusCommonStd\HamBusCommonStd\HamBusCommonStd.csproj", "{C36D4BF2-A357-40A7-ABE9-429F8B3F391B}"
EndProject
Global
	GlobalSection(SolutionConfigurationPlatforms) = preSolution
		Debug|Any CPU = Debug|Any CPU
		Release|Any CPU = Release|Any CPU
	EndGlobalSection
	GlobalSection(ProjectConfigurationPlatforms) = postSolution
		{ABD9E2A7-2663-455D-93F9-71099CC2EBFE}.Debug|Any CPU.ActiveCfg = Debug|Any CPU
		{ABD9E2A7-2663-455D-93F9-71099CC2EBFE}.Debug|Any CPU.Build.0 = Debug|Any CPU
		{ABD9E2A7-2663-455D-93F9-71099CC2EBFE}.Release|Any CPU.ActiveCfg = Release|Any CPU
		{ABD9E2A7-2663-455D-93F9-71099CC2EBFE}.Release|Any CPU.Build.0 = Release|Any CPU
		{1168788D-97DD-4B4A-9D25-EF420FF16028}.Debug|Any CPU.ActiveCfg = Debug|Any CPU
		{1168788D-97DD-4B4A-9D25-EF420FF16028}.Debug|Any CPU.Build.0 = Debug|Any CPU
		{1168788D-97DD-4B4A-9D25-EF420FF16028}.Release|Any CPU.ActiveCfg = Release|Any CPU
		{1168788D-97DD-4B4A-9D25-EF420FF16028}.Release|Any CPU.Build.0 = Release|Any CPU
		{C36D4BF2-A357-40A7-ABE9-429F8B3F391B}.Debug|Any CPU.ActiveCfg = Debug|Any CPU
		{C36D4BF2-A357-40A7-ABE9-429F8B3F391B}.Debug|Any CPU.Build.0 = Debug|Any CPU
		{C36D4BF2-A357-40A7-ABE9-429F8B3F391B}.Release|Any CPU.ActiveCfg = Release|Any CPU
		{C36D4BF2-A357-40A7-ABE9-429F8B3F391B}.Release|Any CPU.Build.0 = Release|Any CPU
	EndGlobalSection
	GlobalSection(SolutionProperties) = preSolution
		HideSolutionNode = FALSE
	EndGlobalSection
	GlobalSection(ExtensibilityGlobals) = postSolution
		SolutionGuid = {1877CE45-7A9D-4419-9771-71432E26DAAC}
	EndGlobalSection
EndGlobal
